
Microsoft Visual Studio Solution File, Format Version 12.00
# Visual Studio Version 17
VisualStudioVersion = 17.10.35013.160
MinimumVisualStudioVersion = 10.0.40219.1
Project("{FAE04EC0-301F-11D3-BF4B-00C04F79EFBC}") = "my_app", "my_app\my_app.csproj", "{3820C015-0352-44DC-904E-0CC6971E5CED}"
EndProject
Global
	GlobalSection(SolutionConfigurationPlatforms) = preSolution
		Debug|Any CPU = Debug|Any CPU
		Release|Any CPU = Release|Any CPU
	EndGlobalSection
	GlobalSection(ProjectConfigurationPlatforms) = postSolution
		{3820C015-0352-44DC-904E-0CC6971E5CED}.Debug|Any CPU.ActiveCfg = Debug|Any CPU
		{3820C015-0352-44DC-904E-0CC6971E5CED}.Debug|Any CPU.Build.0 = Debug|Any CPU
		{3820C015-0352-44DC-904E-0CC6971E5CED}.Release|Any CPU.ActiveCfg = Release|Any CPU
		{3820C015-0352-44DC-904E-0CC6971E5CED}.Release|Any CPU.Build.0 = Release|Any CPU
	EndGlobalSection
	GlobalSection(SolutionProperties) = preSolution
		HideSolutionNode = FALSE
	EndGlobalSection
	GlobalSection(ExtensibilityGlobals) = postSolution
		SolutionGuid = {4470FC72-C4CE-4D80-B5A9-4A281120FBFB}
	EndGlobalSection
EndGlobal
